
Microsoft Visual Studio Solution File, Format Version 12.00
# Visual Studio 2012
Project("{FAE04EC0-301F-11D3-BF4B-00C04F79EFBC}") = "EditPosts.Domain", "EditPosts.Domain\EditPosts.Domain.csproj", "{EBC6998D-CDC3-421F-AD02-14D4424CBAF6}"
EndProject
Project("{FAE04EC0-301F-11D3-BF4B-00C04F79EFBC}") = "EditPosts.Views", "EditPosts.Views\EditPosts.Views.csproj", "{C5D6393A-56B8-499E-B390-C73B0A823D6E}"
EndProject
Project("{FAE04EC0-301F-11D3-BF4B-00C04F79EFBC}") = "EditPosts.Db", "EditPosts.Db\EditPosts.Db.csproj", "{F27A341B-7789-4083-8518-C7628142B386}"
EndProject
Project("{FAE04EC0-301F-11D3-BF4B-00C04F79EFBC}") = "EditPosts.PresentationServices", "EditPosts.PresentationServices\EditPosts.PresentationServices.csproj", "{9019F2B5-B897-482D-B442-2A48D23BE3E1}"
	ProjectSection(ProjectDependencies) = postProject
		{E928FC00-1AEB-4C49-B160-D1BC40AB63AB} = {E928FC00-1AEB-4C49-B160-D1BC40AB63AB}
	EndProjectSection
EndProject
Project("{00D1A9C2-B5F0-4AF3-8072-F6C62B433612}") = "EditPosts.Database", "EditPosts.Database\EditPosts.Database.sqlproj", "{EFC2407E-4E72-4B3D-A68F-B12562F156F3}"
EndProject
Project("{FAE04EC0-301F-11D3-BF4B-00C04F79EFBC}") = "EditPosts.Dapper", "EditPosts.Dapper\EditPosts.Dapper.csproj", "{E928FC00-1AEB-4C49-B160-D1BC40AB63AB}"
EndProject
Global
	GlobalSection(SolutionConfigurationPlatforms) = preSolution
		Debug|Any CPU = Debug|Any CPU
		Release|Any CPU = Release|Any CPU
	EndGlobalSection
	GlobalSection(ProjectConfigurationPlatforms) = postSolution
		{EBC6998D-CDC3-421F-AD02-14D4424CBAF6}.Debug|Any CPU.ActiveCfg = Debug|Any CPU
		{EBC6998D-CDC3-421F-AD02-14D4424CBAF6}.Debug|Any CPU.Build.0 = Debug|Any CPU
		{EBC6998D-CDC3-421F-AD02-14D4424CBAF6}.Release|Any CPU.ActiveCfg = Release|Any CPU
		{EBC6998D-CDC3-421F-AD02-14D4424CBAF6}.Release|Any CPU.Build.0 = Release|Any CPU
		{C5D6393A-56B8-499E-B390-C73B0A823D6E}.Debug|Any CPU.ActiveCfg = Debug|Any CPU
		{C5D6393A-56B8-499E-B390-C73B0A823D6E}.Debug|Any CPU.Build.0 = Debug|Any CPU
		{C5D6393A-56B8-499E-B390-C73B0A823D6E}.Release|Any CPU.ActiveCfg = Release|Any CPU
		{C5D6393A-56B8-499E-B390-C73B0A823D6E}.Release|Any CPU.Build.0 = Release|Any CPU
		{F27A341B-7789-4083-8518-C7628142B386}.Debug|Any CPU.ActiveCfg = Debug|Any CPU
		{F27A341B-7789-4083-8518-C7628142B386}.Debug|Any CPU.Build.0 = Debug|Any CPU
		{F27A341B-7789-4083-8518-C7628142B386}.Release|Any CPU.ActiveCfg = Release|Any CPU
		{F27A341B-7789-4083-8518-C7628142B386}.Release|Any CPU.Build.0 = Release|Any CPU
		{9019F2B5-B897-482D-B442-2A48D23BE3E1}.Debug|Any CPU.ActiveCfg = Debug|Any CPU
		{9019F2B5-B897-482D-B442-2A48D23BE3E1}.Debug|Any CPU.Build.0 = Debug|Any CPU
		{9019F2B5-B897-482D-B442-2A48D23BE3E1}.Release|Any CPU.ActiveCfg = Release|Any CPU
		{9019F2B5-B897-482D-B442-2A48D23BE3E1}.Release|Any CPU.Build.0 = Release|Any CPU
		{EFC2407E-4E72-4B3D-A68F-B12562F156F3}.Debug|Any CPU.ActiveCfg = Debug|Any CPU
		{EFC2407E-4E72-4B3D-A68F-B12562F156F3}.Debug|Any CPU.Build.0 = Debug|Any CPU
		{EFC2407E-4E72-4B3D-A68F-B12562F156F3}.Debug|Any CPU.Deploy.0 = Debug|Any CPU
		{EFC2407E-4E72-4B3D-A68F-B12562F156F3}.Release|Any CPU.ActiveCfg = Release|Any CPU
		{EFC2407E-4E72-4B3D-A68F-B12562F156F3}.Release|Any CPU.Build.0 = Release|Any CPU
		{EFC2407E-4E72-4B3D-A68F-B12562F156F3}.Release|Any CPU.Deploy.0 = Release|Any CPU
		{E928FC00-1AEB-4C49-B160-D1BC40AB63AB}.Debug|Any CPU.ActiveCfg = Debug|Any CPU
		{E928FC00-1AEB-4C49-B160-D1BC40AB63AB}.Debug|Any CPU.Build.0 = Debug|Any CPU
		{E928FC00-1AEB-4C49-B160-D1BC40AB63AB}.Release|Any CPU.ActiveCfg = Release|Any CPU
		{E928FC00-1AEB-4C49-B160-D1BC40AB63AB}.Release|Any CPU.Build.0 = Release|Any CPU
	EndGlobalSection
	GlobalSection(SolutionProperties) = preSolution
		HideSolutionNode = FALSE
	EndGlobalSection
EndGlobal
